
Microsoft Visual Studio Solution File, Format Version 12.00
# Visual Studio Version 17
VisualStudioVersion = 17.0.31903.59
MinimumVisualStudioVersion = 10.0.40219.1
Project("{2150E333-8FDC-42A3-9474-1A3956D46DE8}") = "src", "src", "{827E0CD3-B72D-47B6-A68D-7590B98EB39B}"
EndProject
Project("{FAE04EC0-301F-11D3-BF4B-00C04F79EFBC}") = "Extensions.Options.EntityFrameworkCore", "src\Extensions.Options.EntityFrameworkCore\Extensions.Options.EntityFrameworkCore.csproj", "{515FF98D-0959-498F-85E1-A3D997EF4FB5}"
EndProject
Project("{2150E333-8FDC-42A3-9474-1A3956D46DE8}") = "tests", "tests", "{0AB3BF05-4346-4AA6-1389-037BE0695223}"
EndProject
Project("{FAE04EC0-301F-11D3-BF4B-00C04F79EFBC}") = "Extensions.Options.EntityFrameworkCore.Tests", "tests\Extensions.Options.EntityFrameworkCore.Tests\Extensions.Options.EntityFrameworkCore.Tests.csproj", "{75817836-35ED-42E0-B1FE-BA5B7BF5657E}"
EndProject
Project("{2150E333-8FDC-42A3-9474-1A3956D46DE8}") = "samples", "samples", "{5D20AA90-6969-D8BD-9DCD-8634F4692FDA}"
EndProject
Project("{FAE04EC0-301F-11D3-BF4B-00C04F79EFBC}") = "EFCoreConfigurationSample", "samples\EFCoreConfigurationSample\EFCoreConfigurationSample.csproj", "{D5E80D4A-58E9-40EA-AC5D-AA3295DB9C28}"
EndProject
Global
	GlobalSection(SolutionConfigurationPlatforms) = preSolution
		Debug|Any CPU = Debug|Any CPU
		Debug|x64 = Debug|x64
		Debug|x86 = Debug|x86
		Release|Any CPU = Release|Any CPU
		Release|x64 = Release|x64
		Release|x86 = Release|x86
	EndGlobalSection
	GlobalSection(ProjectConfigurationPlatforms) = postSolution
		{515FF98D-0959-498F-85E1-A3D997EF4FB5}.Debug|Any CPU.ActiveCfg = Debug|Any CPU
		{515FF98D-0959-498F-85E1-A3D997EF4FB5}.Debug|Any CPU.Build.0 = Debug|Any CPU
		{515FF98D-0959-498F-85E1-A3D997EF4FB5}.Debug|x64.ActiveCfg = Debug|Any CPU
		{515FF98D-0959-498F-85E1-A3D997EF4FB5}.Debug|x64.Build.0 = Debug|Any CPU
		{515FF98D-0959-498F-85E1-A3D997EF4FB5}.Debug|x86.ActiveCfg = Debug|Any CPU
		{515FF98D-0959-498F-85E1-A3D997EF4FB5}.Debug|x86.Build.0 = Debug|Any CPU
		{515FF98D-0959-498F-85E1-A3D997EF4FB5}.Release|Any CPU.ActiveCfg = Release|Any CPU
		{515FF98D-0959-498F-85E1-A3D997EF4FB5}.Release|Any CPU.Build.0 = Release|Any CPU
		{515FF98D-0959-498F-85E1-A3D997EF4FB5}.Release|x64.ActiveCfg = Release|Any CPU
		{515FF98D-0959-498F-85E1-A3D997EF4FB5}.Release|x64.Build.0 = Release|Any CPU
		{515FF98D-0959-498F-85E1-A3D997EF4FB5}.Release|x86.ActiveCfg = Release|Any CPU
		{515FF98D-0959-498F-85E1-A3D997EF4FB5}.Release|x86.Build.0 = Release|Any CPU
		{75817836-35ED-42E0-B1FE-BA5B7BF5657E}.Debug|Any CPU.ActiveCfg = Debug|Any CPU
		{75817836-35ED-42E0-B1FE-BA5B7BF5657E}.Debug|Any CPU.Build.0 = Debug|Any CPU
		{75817836-35ED-42E0-B1FE-BA5B7BF5657E}.Debug|x64.ActiveCfg = Debug|Any CPU
		{75817836-35ED-42E0-B1FE-BA5B7BF5657E}.Debug|x64.Build.0 = Debug|Any CPU
		{75817836-35ED-42E0-B1FE-BA5B7BF5657E}.Debug|x86.ActiveCfg = Debug|Any CPU
		{75817836-35ED-42E0-B1FE-BA5B7BF5657E}.Debug|x86.Build.0 = Debug|Any CPU
		{75817836-35ED-42E0-B1FE-BA5B7BF5657E}.Release|Any CPU.ActiveCfg = Release|Any CPU
		{75817836-35ED-42E0-B1FE-BA5B7BF5657E}.Release|Any CPU.Build.0 = Release|Any CPU
		{75817836-35ED-42E0-B1FE-BA5B7BF5657E}.Release|x64.ActiveCfg = Release|Any CPU
		{75817836-35ED-42E0-B1FE-BA5B7BF5657E}.Release|x64.Build.0 = Release|Any CPU
		{75817836-35ED-42E0-B1FE-BA5B7BF5657E}.Release|x86.ActiveCfg = Release|Any CPU
		{75817836-35ED-42E0-B1FE-BA5B7BF5657E}.Release|x86.Build.0 = Release|Any CPU
		{D5E80D4A-58E9-40EA-AC5D-AA3295DB9C28}.Debug|Any CPU.ActiveCfg = Debug|Any CPU
		{D5E80D4A-58E9-40EA-AC5D-AA3295DB9C28}.Debug|Any CPU.Build.0 = Debug|Any CPU
		{D5E80D4A-58E9-40EA-AC5D-AA3295DB9C28}.Debug|x64.ActiveCfg = Debug|Any CPU
		{D5E80D4A-58E9-40EA-AC5D-AA3295DB9C28}.Debug|x64.Build.0 = Debug|Any CPU
		{D5E80D4A-58E9-40EA-AC5D-AA3295DB9C28}.Debug|x86.ActiveCfg = Debug|Any CPU
		{D5E80D4A-58E9-40EA-AC5D-AA3295DB9C28}.Debug|x86.Build.0 = Debug|Any CPU
		{D5E80D4A-58E9-40EA-AC5D-AA3295DB9C28}.Release|Any CPU.ActiveCfg = Release|Any CPU
		{D5E80D4A-58E9-40EA-AC5D-AA3295DB9C28}.Release|Any CPU.Build.0 = Release|Any CPU
		{D5E80D4A-58E9-40EA-AC5D-AA3295DB9C28}.Release|x64.ActiveCfg = Release|Any CPU
		{D5E80D4A-58E9-40EA-AC5D-AA3295DB9C28}.Release|x64.Build.0 = Release|Any CPU
		{D5E80D4A-58E9-40EA-AC5D-AA3295DB9C28}.Release|x86.ActiveCfg = Release|Any CPU
		{D5E80D4A-58E9-40EA-AC5D-AA3295DB9C28}.Release|x86.Build.0 = Release|Any CPU
	EndGlobalSection
	GlobalSection(SolutionProperties) = preSolution
		HideSolutionNode = FALSE
	EndGlobalSection
	GlobalSection(NestedProjects) = preSolution
		{515FF98D-0959-498F-85E1-A3D997EF4FB5} = {827E0CD3-B72D-47B6-A68D-7590B98EB39B}
		{75817836-35ED-42E0-B1FE-BA5B7BF5657E} = {0AB3BF05-4346-4AA6-1389-037BE0695223}
		{D5E80D4A-58E9-40EA-AC5D-AA3295DB9C28} = {5D20AA90-6969-D8BD-9DCD-8634F4692FDA}
	EndGlobalSection
EndGlobal
